
Microsoft Visual Studio Solution File, Format Version 12.00
Project("{FAE04EC0-301F-11D3-BF4B-00C04F79EFBC}") = "GitMergeRebaseDemo", "GitMergeRebaseDemo\GitMergeRebaseDemo.csproj", "{BC01E6B0-4ABC-4382-BC54-F531ECFE70A2}"
EndProject
Global
	GlobalSection(SolutionConfigurationPlatforms) = preSolution
		Debug|Any CPU = Debug|Any CPU
		Release|Any CPU = Release|Any CPU
	EndGlobalSection
	GlobalSection(ProjectConfigurationPlatforms) = postSolution
		{BC01E6B0-4ABC-4382-BC54-F531ECFE70A2}.Debug|Any CPU.ActiveCfg = Debug|Any CPU
		{BC01E6B0-4ABC-4382-BC54-F531ECFE70A2}.Debug|Any CPU.Build.0 = Debug|Any CPU
		{BC01E6B0-4ABC-4382-BC54-F531ECFE70A2}.Release|Any CPU.ActiveCfg = Release|Any CPU
		{BC01E6B0-4ABC-4382-BC54-F531ECFE70A2}.Release|Any CPU.Build.0 = Release|Any CPU
	EndGlobalSection
EndGlobal
